github.com/gonutz/check v1.2.0 h1:PVjoa4xwUU0XAH4/6mdg4kJ9BCCTIiwmBxImLJxCkp8=
github.com/gonutz/check v1.2.0/go.mod h1:J5ndBcNQd4fv3I+Moevk4PXZoyXRamwwclm6dDgAuyA=
github.com/gonutz/sudoku v1.1.1 h1:U6e2JVCK1AnxQMyZ30SJUNFYPo3mGsUWHOIGqQ5oYx8=
github.com/gonutz/sudoku v1.1.1/go.mod h1:h3vZvPKrQwb7tblLpVOdi+OBGBHPBUTfLXFgLPT4UD0=
github.com/gonutz/w32/v2 v2.2.2/go.mod h1:MgtHx0AScDVNKyB+kjyPder4xIi3XAcHS6LDDU2DmdE=
github.com/gonutz/w32/v2 v2.2.4 h1:VvM3+PS2wmm94HaA4eSYtbpR6uiKqk7vAboNAm9vzjQ=
github.com/gonutz/w32/v2 v2.2.4/go.mod h1:MgtHx0AScDVNKyB+kjyPder4xIi3XAcHS6LDDU2DmdE=
github.com/gonutz/wui/v2 v2.7.3 h1:AXRJAgFJu9rR8toFPHQ8Vg3+golFU7uX43XVpKEpBfA=
github.com/gonutz/wui/v2 v2.7.3/go.mod h1:4twV9Ka+OwAr7Fy12YSJuAy5e4u8uTHk4YbxFyguheo=
